// !$*UTF8*$!
{
	archiveVersion = 1;
	classes = {
	};
	objectVersion = 55;
	objects = {

/* Begin PBXBuildFile section */
		2976063828CCF29D0060D3C5 /* CapstoneApp.swift in Sources */ = {isa = PBXBuildFile; fileRef = 2976063728CCF29D0060D3C5 /* CapstoneApp.swift */; };
		2976063A28CCF29D0060D3C5 /* MenuView.swift in Sources */ = {isa = PBXBuildFile; fileRef = 2976063928CCF29D0060D3C5 /* MenuView.swift */; };
		2976063C28CCF2A00060D3C5 /* Assets.xcassets in Resources */ = {isa = PBXBuildFile; fileRef = 2976063B28CCF2A00060D3C5 /* Assets.xcassets */; };
		2976063F28CCF2A00060D3C5 /* Preview Assets.xcassets in Resources */ = {isa = PBXBuildFile; fileRef = 2976063E28CCF2A00060D3C5 /* Preview Assets.xcassets */; };
		2976064128CCF2A00060D3C5 /* Persistence.swift in Sources */ = {isa = PBXBuildFile; fileRef = 2976064028CCF2A00060D3C5 /* Persistence.swift */; };
		2976064428CCF2A00060D3C5 /* Capstone.xcdatamodeld in Sources */ = {isa = PBXBuildFile; fileRef = 2976064228CCF2A00060D3C5 /* Capstone.xcdatamodeld */; };
		2976064E28CCF2A00060D3C5 /* CapstoneTests.swift in Sources */ = {isa = PBXBuildFile; fileRef = 2976064D28CCF2A00060D3C5 /* CapstoneTests.swift */; };
		2976065828CCF2A00060D3C5 /* CapstoneUITests.swift in Sources */ = {isa = PBXBuildFile; fileRef = 2976065728CCF2A00060D3C5 /* CapstoneUITests.swift */; };
		2976065A28CCF2A00060D3C5 /* CapstoneUITestsLaunchTests.swift in Sources */ = {isa = PBXBuildFile; fileRef = 2976065928CCF2A00060D3C5 /* CapstoneUITestsLaunchTests.swift */; };
/* End PBXBuildFile section */

/* Begin PBXContainerItemProxy section */
		2976064A28CCF2A00060D3C5 /* PBXContainerItemProxy */ = {
			isa = PBXContainerItemProxy;
			containerPortal = 2976062C28CCF29D0060D3C5 /* Project object */;
			proxyType = 1;
			remoteGlobalIDString = 2976063328CCF29D0060D3C5;
			remoteInfo = Capstone;
		};
		2976065428CCF2A00060D3C5 /* PBXContainerItemProxy */ = {
			isa = PBXContainerItemProxy;
			containerPortal = 2976062C28CCF29D0060D3C5 /* Project object */;
			proxyType = 1;
			remoteGlobalIDString = 2976063328CCF29D0060D3C5;
			remoteInfo = Capstone;
		};
/* End PBXContainerItemProxy section */

/* Begin PBXFileReference section */
		2976063428CCF29D0060D3C5 /* Capstone.app */ = {isa = PBXFileReference; explicitFileType = wrapper.application; includeInIndex = 0; path = Capstone.app; sourceTree = BUILT_PRODUCTS_DIR; };
		2976063728CCF29D0060D3C5 /* CapstoneApp.swift */ = {isa = PBXFileReference; lastKnownFileType = sourcecode.swift; path = CapstoneApp.swift; sourceTree = "<group>"; };
		2976063928CCF29D0060D3C5 /* MenuView.swift */ = {isa = PBXFileReference; lastKnownFileType = sourcecode.swift; path = MenuView.swift; sourceTree = "<group>"; };
		2976063B28CCF2A00060D3C5 /* Assets.xcassets */ = {isa = PBXFileReference; lastKnownFileType = folder.assetcatalog; path = Assets.xcassets; sourceTree = "<group>"; };
		2976063E28CCF2A00060D3C5 /* Preview Assets.xcassets */ = {isa = PBXFileReference; lastKnownFileType = folder.assetcatalog; path = "Preview Assets.xcassets"; sourceTree = "<group>"; };
		2976064028CCF2A00060D3C5 /* Persistence.swift */ = {isa = PBXFileReference; lastKnownFileType = sourcecode.swift; path = Persistence.swift; sourceTree = "<group>"; };
		2976064328CCF2A00060D3C5 /* Capstone.xcdatamodel */ = {isa = PBXFileReference; lastKnownFileType = wrapper.xcdatamodel; path = Capstone.xcdatamodel; sourceTree = "<group>"; };
		2976064928CCF2A00060D3C5 /* CapstoneTests.xctest */ = {isa = PBXFileReference; explicitFileType = wrapper.cfbundle; includeInIndex = 0; path = CapstoneTests.xctest; sourceTree = BUILT_PRODUCTS_DIR; };
		2976064D28CCF2A00060D3C5 /* CapstoneTests.swift */ = {isa = PBXFileReference; lastKnownFileType = sourcecode.swift; path = CapstoneTests.swift; sourceTree = "<group>"; };
		2976065328CCF2A00060D3C5 /* CapstoneUITests.xctest */ = {isa = PBXFileReference; explicitFileType = wrapper.cfbundle; includeInIndex = 0; path = CapstoneUITests.xctest; sourceTree = BUILT_PRODUCTS_DIR; };
		2976065728CCF2A00060D3C5 /* CapstoneUITests.swift */ = {isa = PBXFileReference; lastKnownFileType = sourcecode.swift; path = CapstoneUITests.swift; sourceTree = "<group>"; };
		2976065928CCF2A00060D3C5 /* CapstoneUITestsLaunchTests.swift */ = {isa = PBXFileReference; lastKnownFileType = sourcecode.swift; path = CapstoneUITestsLaunchTests.swift; sourceTree = "<group>"; };
/* End PBXFileReference section */

/* Begin PBXFrameworksBuildPhase section */
		2976063128CCF29D0060D3C5 /* Frameworks */ = {
			isa = PBXFrameworksBuildPhase;
			buildActionMask = 2147483647;
			files = (
			);
			runOnlyForDeploymentPostprocessing = 0;
		};
		2976064628CCF2A00060D3C5 /* Frameworks */ = {
			isa = PBXFrameworksBuildPhase;
			buildActionMask = 2147483647;
			files = (
			);
			runOnlyForDeploymentPostprocessing = 0;
		};
		2976065028CCF2A00060D3C5 /* Frameworks */ = {
			isa = PBXFrameworksBuildPhase;
			buildActionMask = 2147483647;
			files = (
			);
			runOnlyForDeploymentPostprocessing = 0;
		};
/* End PBXFrameworksBuildPhase section */

/* Begin PBXGroup section */
		2970336328EB750600FC5075 /* DataModel */ = {
			isa = PBXGroup;
			children = (
			);
			path = DataModel;
			sourceTree = "<group>";
		};
		2970336428EB753800FC5075 /* Helpers */ = {
			isa = PBXGroup;
			children = (
			);
			path = Helpers;
			sourceTree = "<group>";
		};
		2970336528EBF86F00FC5075 /* Views */ = {
			isa = PBXGroup;
			children = (
				2976063928CCF29D0060D3C5 /* MenuView.swift */,
			);
			path = Views;
			sourceTree = "<group>";
		};
		2976062B28CCF29D0060D3C5 = {
			isa = PBXGroup;
			children = (
				2976063628CCF29D0060D3C5 /* Capstone */,
				2976064C28CCF2A00060D3C5 /* CapstoneTests */,
				2976065628CCF2A00060D3C5 /* CapstoneUITests */,
				2976063528CCF29D0060D3C5 /* Products */,
			);
			sourceTree = "<group>";
		};
		2976063528CCF29D0060D3C5 /* Products */ = {
			isa = PBXGroup;
			children = (
				2976063428CCF29D0060D3C5 /* Capstone.app */,
				2976064928CCF2A00060D3C5 /* CapstoneTests.xctest */,
				2976065328CCF2A00060D3C5 /* CapstoneUITests.xctest */,
			);
			name = Products;
			sourceTree = "<group>";
		};
		2976063628CCF29D0060D3C5 /* Capstone */ = {
			isa = PBXGroup;
			children = (
				2976063728CCF29D0060D3C5 /* CapstoneApp.swift */,
				2970336528EBF86F00FC5075 /* Views */,
				2970336428EB753800FC5075 /* Helpers */,
				2970336328EB750600FC5075 /* DataModel */,
				2976063B28CCF2A00060D3C5 /* Assets.xcassets */,
				2976064028CCF2A00060D3C5 /* Persistence.swift */,
				2976064228CCF2A00060D3C5 /* Capstone.xcdatamodeld */,
				2976063D28CCF2A00060D3C5 /* Preview Content */,
			);
			path = Capstone;
			sourceTree = "<group>";
		};
		2976063D28CCF2A00060D3C5 /* Preview Content */ = {
			isa = PBXGroup;
			children = (
				2976063E28CCF2A00060D3C5 /* Preview Assets.xcassets */,
			);
			path = "Preview Content";
			sourceTree = "<group>";
		};
		2976064C28CCF2A00060D3C5 /* CapstoneTests */ = {
			isa = PBXGroup;
			children = (
				2976064D28CCF2A00060D3C5 /* CapstoneTests.swift */,
			);
			path = CapstoneTests;
			sourceTree = "<group>";
		};
		2976065628CCF2A00060D3C5 /* CapstoneUITests */ = {
			isa = PBXGroup;
			children = (
				2976065728CCF2A00060D3C5 /* CapstoneUITests.swift */,
				2976065928CCF2A00060D3C5 /* CapstoneUITestsLaunchTests.swift */,
			);
			path = CapstoneUITests;
			sourceTree = "<group>";
		};
/* End PBXGroup section */

/* Begin PBXNativeTarget section */
		2976063328CCF29D0060D3C5 /* Capstone */ = {
			isa = PBXNativeTarget;
			buildConfigurationList = 2976065D28CCF2A00060D3C5 /* Build configuration list for PBXNativeTarget "Capstone" */;
			buildPhases = (
				2976063028CCF29D0060D3C5 /* Sources */,
				2976063128CCF29D0060D3C5 /* Frameworks */,
				2976063228CCF29D0060D3C5 /* Resources */,
			);
			buildRules = (
			);
			dependencies = (
			);
			name = Capstone;
			productName = Capstone;
			productReference = 2976063428CCF29D0060D3C5 /* Capstone.app */;
			productType = "com.apple.product-type.application";
		};
		2976064828CCF2A00060D3C5 /* CapstoneTests */ = {
			isa = PBXNativeTarget;
			buildConfigurationList = 2976066028CCF2A00060D3C5 /* Build configuration list for PBXNativeTarget "CapstoneTests" */;
			buildPhases = (
				2976064528CCF2A00060D3C5 /* Sources */,
				2976064628CCF2A00060D3C5 /* Frameworks */,
				2976064728CCF2A00060D3C5 /* Resources */,
			);
			buildRules = (
			);
			dependencies = (
				2976064B28CCF2A00060D3C5 /* PBXTargetDependency */,
			);
			name = CapstoneTests;
			productName = CapstoneTests;
			productReference = 2976064928CCF2A00060D3C5 /* CapstoneTests.xctest */;
			productType = "com.apple.product-type.bundle.unit-test";
		};
		2976065228CCF2A00060D3C5 /* CapstoneUITests */ = {
			isa = PBXNativeTarget;
			buildConfigurationList = 2976066328CCF2A00060D3C5 /* Build configuration list for PBXNativeTarget "CapstoneUITests" */;
			buildPhases = (
				2976064F28CCF2A00060D3C5 /* Sources */,
				2976065028CCF2A00060D3C5 /* Frameworks */,
				2976065128CCF2A00060D3C5 /* Resources */,
			);
			buildRules = (
			);
			dependencies = (
				2976065528CCF2A00060D3C5 /* PBXTargetDependency */,
			);
			name = CapstoneUITests;
			productName = CapstoneUITests;
			productReference = 2976065328CCF2A00060D3C5 /* CapstoneUITests.xctest */;
			productType = "com.apple.product-type.bundle.ui-testing";
		};
/* End PBXNativeTarget section */

/* Begin PBXProject section */
		2976062C28CCF29D0060D3C5 /* Project object */ = {
			isa = PBXProject;
			attributes = {
				BuildIndependentTargetsInParallel = 1;
				LastSwiftUpdateCheck = 1340;
				LastUpgradeCheck = 1340;
				TargetAttributes = {
					2976063328CCF29D0060D3C5 = {
						CreatedOnToolsVersion = 13.4.1;
					};
					2976064828CCF2A00060D3C5 = {
						CreatedOnToolsVersion = 13.4.1;
						TestTargetID = 2976063328CCF29D0060D3C5;
					};
					2976065228CCF2A00060D3C5 = {
						CreatedOnToolsVersion = 13.4.1;
						TestTargetID = 2976063328CCF29D0060D3C5;
					};
				};
			};
			buildConfigurationList = 2976062F28CCF29D0060D3C5 /* Build configuration list for PBXProject "Capstone" */;
			compatibilityVersion = "Xcode 13.0";
			developmentRegion = en;
			hasScannedForEncodings = 0;
			knownRegions = (
				en,
				Base,
			);
			mainGroup = 2976062B28CCF29D0060D3C5;
			productRefGroup = 2976063528CCF29D0060D3C5 /* Products */;
			projectDirPath = "";
			projectRoot = "";
			targets = (
				2976063328CCF29D0060D3C5 /* Capstone */,
				2976064828CCF2A00060D3C5 /* CapstoneTests */,
				2976065228CCF2A00060D3C5 /* CapstoneUITests */,
			);
		};
/* End PBXProject section */

/* Begin PBXResourcesBuildPhase section */
		2976063228CCF29D0060D3C5 /* Resources */ = {
			isa = PBXResourcesBuildPhase;
			buildActionMask = 2147483647;
			files = (
				2976063F28CCF2A00060D3C5 /* Preview Assets.xcassets in Resources */,
				2976063C28CCF2A00060D3C5 /* Assets.xcassets in Resources */,
			);
			runOnlyForDeploymentPostprocessing = 0;
		};
		2976064728CCF2A00060D3C5 /* Resources */ = {
			isa = PBXResourcesBuildPhase;
			buildActionMask = 2147483647;
			files = (
			);
			runOnlyForDeploymentPostprocessing = 0;
		};
		2976065128CCF2A00060D3C5 /* Resources */ = {
			isa = PBXResourcesBuildPhase;
			buildActionMask = 2147483647;
			files = (
			);
			runOnlyForDeploymentPostprocessing = 0;
		};
/* End PBXResourcesBuildPhase section */

/* Begin PBXSourcesBuildPhase section */
		2976063028CCF29D0060D3C5 /* Sources */ = {
			isa = PBXSourcesBuildPhase;
			buildActionMask = 2147483647;
			files = (
				2976064128CCF2A00060D3C5 /* Persistence.swift in Sources */,
				2976063A28CCF29D0060D3C5 /* MenuView.swift in Sources */,
				2976064428CCF2A00060D3C5 /* Capstone.xcdatamodeld in Sources */,
				2976063828CCF29D0060D3C5 /* CapstoneApp.swift in Sources */,
			);
			runOnlyForDeploymentPostprocessing = 0;
		};
		2976064528CCF2A00060D3C5 /* Sources */ = {
			isa = PBXSourcesBuildPhase;
			buildActionMask = 2147483647;
			files = (
				2976064E28CCF2A00060D3C5 /* CapstoneTests.swift in Sources */,
			);
			runOnlyForDeploymentPostprocessing = 0;
		};
		2976064F28CCF2A00060D3C5 /* Sources */ = {
			isa = PBXSourcesBuildPhase;
			buildActionMask = 2147483647;
			files = (
				2976065A28CCF2A00060D3C5 /* CapstoneUITestsLaunchTests.swift in Sources */,
				2976065828CCF2A00060D3C5 /* CapstoneUITests.swift in Sources */,
			);
			runOnlyForDeploymentPostprocessing = 0;
		};
/* End PBXSourcesBuildPhase section */

/* Begin PBXTargetDependency section */
		2976064B28CCF2A00060D3C5 /* PBXTargetDependency */ = {
			isa = PBXTargetDependency;
			target = 2976063328CCF29D0060D3C5 /* Capstone */;
			targetProxy = 2976064A28CCF2A00060D3C5 /* PBXContainerItemProxy */;
		};
		2976065528CCF2A00060D3C5 /* PBXTargetDependency */ = {
			isa = PBXTargetDependency;
			target = 2976063328CCF29D0060D3C5 /* Capstone */;
			targetProxy = 2976065428CCF2A00060D3C5 /* PBXContainerItemProxy */;
		};
/* End PBXTargetDependency section */

/* Begin XCBuildConfiguration section */
		2976065B28CCF2A00060D3C5 /* Debug */ = {
			isa = XCBuildConfiguration;
			buildSettings = {
				ALWAYS_SEARCH_USER_PATHS = NO;
				CLANG_ANALYZER_NONNULL = YES;
				CLANG_ANALYZER_NUMBER_OBJECT_CONVERSION = YES_AGGRESSIVE;
				CLANG_CXX_LANGUAGE_STANDARD = "gnu++17";
				CLANG_ENABLE_MODULES = YES;
				CLANG_ENABLE_OBJC_ARC = YES;
				CLANG_ENABLE_OBJC_WEAK = YES;
				CLANG_WARN_BLOCK_CAPTURE_AUTORELEASING = YES;
				CLANG_WARN_BOOL_CONVERSION = YES;
				CLANG_WARN_COMMA = YES;
				CLANG_WARN_CONSTANT_CONVERSION = YES;
				CLANG_WARN_DEPRECATED_OBJC_IMPLEMENTATIONS = YES;
				CLANG_WARN_DIRECT_OBJC_ISA_USAGE = YES_ERROR;
				CLANG_WARN_DOCUMENTATION_COMMENTS = YES;
				CLANG_WARN_EMPTY_BODY = YES;
				CLANG_WARN_ENUM_CONVERSION = YES;
				CLANG_WARN_INFINITE_RECURSION = YES;
				CLANG_WARN_INT_CONVERSION = YES;
				CLANG_WARN_NON_LITERAL_NULL_CONVERSION = YES;
				CLANG_WARN_OBJC_IMPLICIT_RETAIN_SELF = YES;
				CLANG_WARN_OBJC_LITERAL_CONVERSION = YES;
				CLANG_WARN_OBJC_ROOT_CLASS = YES_ERROR;
				CLANG_WARN_QUOTED_INCLUDE_IN_FRAMEWORK_HEADER = YES;
				CLANG_WARN_RANGE_LOOP_ANALYSIS = YES;
				CLANG_WARN_STRICT_PROTOTYPES = YES;
				CLANG_WARN_SUSPICIOUS_MOVE = YES;
				CLANG_WARN_UNGUARDED_AVAILABILITY = YES_AGGRESSIVE;
				CLANG_WARN_UNREACHABLE_CODE = YES;
				CLANG_WARN__DUPLICATE_METHOD_MATCH = YES;
				COPY_PHASE_STRIP = NO;
				DEBUG_INFORMATION_FORMAT = dwarf;
				ENABLE_STRICT_OBJC_MSGSEND = YES;
				ENABLE_TESTABILITY = YES;
				GCC_C_LANGUAGE_STANDARD = gnu11;
				GCC_DYNAMIC_NO_PIC = NO;
				GCC_NO_COMMON_BLOCKS = YES;
				GCC_OPTIMIZATION_LEVEL = 0;
				GCC_PREPROCESSOR_DEFINITIONS = (
					"DEBUG=1",
					"$(inherited)",
				);
				GCC_WARN_64_TO_32_BIT_CONVERSION = YES;
				GCC_WARN_ABOUT_RETURN_TYPE = YES_ERROR;
				GCC_WARN_UNDECLARED_SELECTOR = YES;
				GCC_WARN_UNINITIALIZED_AUTOS = YES_AGGRESSIVE;
				GCC_WARN_UNUSED_FUNCTION = YES;
				GCC_WARN_UNUSED_VARIABLE = YES;
				IPHONEOS_DEPLOYMENT_TARGET = 15.5;
				MTL_ENABLE_DEBUG_INFO = INCLUDE_SOURCE;
				MTL_FAST_MATH = YES;
				ONLY_ACTIVE_ARCH = YES;
				SDKROOT = iphoneos;
				SWIFT_ACTIVE_COMPILATION_CONDITIONS = DEBUG;
				SWIFT_OPTIMIZATION_LEVEL = "-Onone";
			};
			name = Debug;
		};
		2976065C28CCF2A00060D3C5 /* Release */ = {
			isa = XCBuildConfiguration;
			buildSettings = {
				ALWAYS_SEARCH_USER_PATHS = NO;
				CLANG_ANALYZER_NONNULL = YES;
				CLANG_ANALYZER_NUMBER_OBJECT_CONVERSION = YES_AGGRESSIVE;
				CLANG_CXX_LANGUAGE_STANDARD = "gnu++17";
				CLANG_ENABLE_MODULES = YES;
				CLANG_ENABLE_OBJC_ARC = YES;
				CLANG_ENABLE_OBJC_WEAK = YES;
				CLANG_WARN_BLOCK_CAPTURE_AUTORELEASING = YES;
				CLANG_WARN_BOOL_CONVERSION = YES;
				CLANG_WARN_COMMA = YES;
				CLANG_WARN_CONSTANT_CONVERSION = YES;
				CLANG_WARN_DEPRECATED_OBJC_IMPLEMENTATIONS = YES;
				CLANG_WARN_DIRECT_OBJC_ISA_USAGE = YES_ERROR;
				CLANG_WARN_DOCUMENTATION_COMMENTS = YES;
				CLANG_WARN_EMPTY_BODY = YES;
				CLANG_WARN_ENUM_CONVERSION = YES;
				CLANG_WARN_INFINITE_RECURSION = YES;
				CLANG_WARN_INT_CONVERSION = YES;
				CLANG_WARN_NON_LITERAL_NULL_CONVERSION = YES;
				CLANG_WARN_OBJC_IMPLICIT_RETAIN_SELF = YES;
				CLANG_WARN_OBJC_LITERAL_CONVERSION = YES;
				CLANG_WARN_OBJC_ROOT_CLASS = YES_ERROR;
				CLANG_WARN_QUOTED_INCLUDE_IN_FRAMEWORK_HEADER = YES;
				CLANG_WARN_RANGE_LOOP_ANALYSIS = YES;
				CLANG_WARN_STRICT_PROTOTYPES = YES;
				CLANG_WARN_SUSPICIOUS_MOVE = YES;
				CLANG_WARN_UNGUARDED_AVAILABILITY = YES_AGGRESSIVE;
				CLANG_WARN_UNREACHABLE_CODE = YES;
				CLANG_WARN__DUPLICATE_METHOD_MATCH = YES;
				COPY_PHASE_STRIP = NO;
				DEBUG_INFORMATION_FORMAT = "dwarf-with-dsym";
				ENABLE_NS_ASSERTIONS = NO;
				ENABLE_STRICT_OBJC_MSGSEND = YES;
				GCC_C_LANGUAGE_STANDARD = gnu11;
				GCC_NO_COMMON_BLOCKS = YES;
				GCC_WARN_64_TO_32_BIT_CONVERSION = YES;
				GCC_WARN_ABOUT_RETURN_TYPE = YES_ERROR;
				GCC_WARN_UNDECLARED_SELECTOR = YES;
				GCC_WARN_UNINITIALIZED_AUTOS = YES_AGGRESSIVE;
				GCC_WARN_UNUSED_FUNCTION = YES;
				GCC_WARN_UNUSED_VARIABLE = YES;
				IPHONEOS_DEPLOYMENT_TARGET = 15.5;
				MTL_ENABLE_DEBUG_INFO = NO;
				MTL_FAST_MATH = YES;
				SDKROOT = iphoneos;
				SWIFT_COMPILATION_MODE = wholemodule;
				SWIFT_OPTIMIZATION_LEVEL = "-O";
				VALIDATE_PRODUCT = YES;
			};
			name = Release;
		};
		2976065E28CCF2A00060D3C5 /* Debug */ = {
			isa = XCBuildConfiguration;
			buildSettings = {
				ASSETCATALOG_COMPILER_APPICON_NAME = AppIcon;
				ASSETCATALOG_COMPILER_GLOBAL_ACCENT_COLOR_NAME = AccentColor;
				CODE_SIGN_STYLE = Automatic;
				CURRENT_PROJECT_VERSION = 1;
				DEVELOPMENT_ASSET_PATHS = "\"Capstone/Preview Content\"";
				ENABLE_PREVIEWS = YES;
				GENERATE_INFOPLIST_FILE = YES;
				INFOPLIST_KEY_UIApplicationSceneManifest_Generation = YES;
				INFOPLIST_KEY_UIApplicationSupportsIndirectInputEvents = YES;
				INFOPLIST_KEY_UILaunchScreen_Generation = YES;
				INFOPLIST_KEY_UISupportedInterfaceOrientations_iPad = "UIInterfaceOrientationPortrait UIInterfaceOrientationPortraitUpsideDown UIInterfaceOrientationLandscapeLeft UIInterfaceOrientationLandscapeRight";
				INFOPLIST_KEY_UISupportedInterfaceOrientations_iPhone = "UIInterfaceOrientationPortrait UIInterfaceOrientationLandscapeLeft UIInterfaceOrientationLandscapeRight";
				LD_RUNPATH_SEARCH_PATHS = (
					"$(inherited)",
					"@executable_path/Frameworks",
				);
				MARKETING_VERSION = 1.0;
				PRODUCT_BUNDLE_IDENTIFIER = "bviveros-CSU-Chico.Capstone";
				PRODUCT_NAME = "$(TARGET_NAME)";
				SWIFT_EMIT_LOC_STRINGS = YES;
				SWIFT_VERSION = 5.0;
				TARGETED_DEVICE_FAMILY = "1,2";
			};
			name = Debug;
		};
		2976065F28CCF2A00060D3C5 /* Release */ = {
			isa = XCBuildConfiguration;
			buildSettings = {
				ASSETCATALOG_COMPILER_APPICON_NAME = AppIcon;
				ASSETCATALOG_COMPILER_GLOBAL_ACCENT_COLOR_NAME = AccentColor;
				CODE_SIGN_STYLE = Automatic;
				CURRENT_PROJECT_VERSION = 1;
				DEVELOPMENT_ASSET_PATHS = "\"Capstone/Preview Content\"";
				ENABLE_PREVIEWS = YES;
				GENERATE_INFOPLIST_FILE = YES;
				INFOPLIST_KEY_UIApplicationSceneManifest_Generation = YES;
				INFOPLIST_KEY_UIApplicationSupportsIndirectInputEvents = YES;
				INFOPLIST_KEY_UILaunchScreen_Generation = YES;
				INFOPLIST_KEY_UISupportedInterfaceOrientations_iPad = "UIInterfaceOrientationPortrait UIInterfaceOrientationPortraitUpsideDown UIInterfaceOrientationLandscapeLeft UIInterfaceOrientationLandscapeRight";
				INFOPLIST_KEY_UISupportedInterfaceOrientations_iPhone = "UIInterfaceOrientationPortrait UIInterfaceOrientationLandscapeLeft UIInterfaceOrientationLandscapeRight";
				LD_RUNPATH_SEARCH_PATHS = (
					"$(inherited)",
					"@executable_path/Frameworks",
				);
				MARKETING_VERSION = 1.0;
				PRODUCT_BUNDLE_IDENTIFIER = "bviveros-CSU-Chico.Capstone";
				PRODUCT_NAME = "$(TARGET_NAME)";
				SWIFT_EMIT_LOC_STRINGS = YES;
				SWIFT_VERSION = 5.0;
				TARGETED_DEVICE_FAMILY = "1,2";
			};
			name = Release;
		};
		2976066128CCF2A00060D3C5 /* Debug */ = {
			isa = XCBuildConfiguration;
			buildSettings = {
				ALWAYS_EMBED_SWIFT_STANDARD_LIBRARIES = YES;
				BUNDLE_LOADER = "$(TEST_HOST)";
				CODE_SIGN_STYLE = Automatic;
				CURRENT_PROJECT_VERSION = 1;
				GENERATE_INFOPLIST_FILE = YES;
				IPHONEOS_DEPLOYMENT_TARGET = 15.5;
				MARKETING_VERSION = 1.0;
				PRODUCT_BUNDLE_IDENTIFIER = "bviveros-CSU-Chico.CapstoneTests";
				PRODUCT_NAME = "$(TARGET_NAME)";
				SWIFT_EMIT_LOC_STRINGS = NO;
				SWIFT_VERSION = 5.0;
				TARGETED_DEVICE_FAMILY = "1,2";
				TEST_HOST = "$(BUILT_PRODUCTS_DIR)/Capstone.app/Capstone";
			};
			name = Debug;
		};
		2976066228CCF2A00060D3C5 /* Release */ = {
			isa = XCBuildConfiguration;
			buildSettings = {
				ALWAYS_EMBED_SWIFT_STANDARD_LIBRARIES = YES;
				BUNDLE_LOADER = "$(TEST_HOST)";
				CODE_SIGN_STYLE = Automatic;
				CURRENT_PROJECT_VERSION = 1;
				GENERATE_INFOPLIST_FILE = YES;
				IPHONEOS_DEPLOYMENT_TARGET = 15.5;
				MARKETING_VERSION = 1.0;
				PRODUCT_BUNDLE_IDENTIFIER = "bviveros-CSU-Chico.CapstoneTests";
				PRODUCT_NAME = "$(TARGET_NAME)";
				SWIFT_EMIT_LOC_STRINGS = NO;
				SWIFT_VERSION = 5.0;
				TARGETED_DEVICE_FAMILY = "1,2";
				TEST_HOST = "$(BUILT_PRODUCTS_DIR)/Capstone.app/Capstone";
			};
			name = Release;
		};
		2976066428CCF2A00060D3C5 /* Debug */ = {
			isa = XCBuildConfiguration;
			buildSettings = {
				ALWAYS_EMBED_SWIFT_STANDARD_LIBRARIES = YES;
				CODE_SIGN_STYLE = Automatic;
				CURRENT_PROJECT_VERSION = 1;
				GENERATE_INFOPLIST_FILE = YES;
				MARKETING_VERSION = 1.0;
				PRODUCT_BUNDLE_IDENTIFIER = "bviveros-CSU-Chico.CapstoneUITests";
				PRODUCT_NAME = "$(TARGET_NAME)";
				SWIFT_EMIT_LOC_STRINGS = NO;
				SWIFT_VERSION = 5.0;
				TARGETED_DEVICE_FAMILY = "1,2";
				TEST_TARGET_NAME = Capstone;
			};
			name = Debug;
		};
		2976066528CCF2A00060D3C5 /* Release */ = {
			isa = XCBuildConfiguration;
			buildSettings = {
				ALWAYS_EMBED_SWIFT_STANDARD_LIBRARIES = YES;
				CODE_SIGN_STYLE = Automatic;
				CURRENT_PROJECT_VERSION = 1;
				GENERATE_INFOPLIST_FILE = YES;
				MARKETING_VERSION = 1.0;
				PRODUCT_BUNDLE_IDENTIFIER = "bviveros-CSU-Chico.CapstoneUITests";
				PRODUCT_NAME = "$(TARGET_NAME)";
				SWIFT_EMIT_LOC_STRINGS = NO;
				SWIFT_VERSION = 5.0;
				TARGETED_DEVICE_FAMILY = "1,2";
				TEST_TARGET_NAME = Capstone;
			};
			name = Release;
		};
/* End XCBuildConfiguration section */

/* Begin XCConfigurationList section */
		2976062F28CCF29D0060D3C5 /* Build configuration list for PBXProject "Capstone" */ = {
			isa = XCConfigurationList;
			buildConfigurations = (
				2976065B28CCF2A00060D3C5 /* Debug */,
				2976065C28CCF2A00060D3C5 /* Release */,
			);
			defaultConfigurationIsVisible = 0;
			defaultConfigurationName = Release;
		};
		2976065D28CCF2A00060D3C5 /* Build configuration list for PBXNativeTarget "Capstone" */ = {
			isa = XCConfigurationList;
			buildConfigurations = (
				2976065E28CCF2A00060D3C5 /* Debug */,
				2976065F28CCF2A00060D3C5 /* Release */,
			);
			defaultConfigurationIsVisible = 0;
			defaultConfigurationName = Release;
		};
		2976066028CCF2A00060D3C5 /* Build configuration list for PBXNativeTarget "CapstoneTests" */ = {
			isa = XCConfigurationList;
			buildConfigurations = (
				2976066128CCF2A00060D3C5 /* Debug */,
				2976066228CCF2A00060D3C5 /* Release */,
			);
			defaultConfigurationIsVisible = 0;
			defaultConfigurationName = Release;
		};
		2976066328CCF2A00060D3C5 /* Build configuration list for PBXNativeTarget "CapstoneUITests" */ = {
			isa = XCConfigurationList;
			buildConfigurations = (
				2976066428CCF2A00060D3C5 /* Debug */,
				2976066528CCF2A00060D3C5 /* Release */,
			);
			defaultConfigurationIsVisible = 0;
			defaultConfigurationName = Release;
		};
/* End XCConfigurationList section */

/* Begin XCVersionGroup section */
		2976064228CCF2A00060D3C5 /* Capstone.xcdatamodeld */ = {
			isa = XCVersionGroup;
			children = (
				2976064328CCF2A00060D3C5 /* Capstone.xcdatamodel */,
			);
			currentVersion = 2976064328CCF2A00060D3C5 /* Capstone.xcdatamodel */;
			path = Capstone.xcdatamodeld;
			sourceTree = "<group>";
			versionGroupType = wrapper.xcdatamodel;
		};
/* End XCVersionGroup section */
	};
	rootObject = 2976062C28CCF29D0060D3C5 /* Project object */;
}
